
Microsoft Visual Studio Solution File, Format Version 12.00
# Visual Studio 15
VisualStudioVersion = 15.0.27428.2037
MinimumVisualStudioVersion = 10.0.40219.1
Project("{FAE04EC0-301F-11D3-BF4B-00C04F79EFBC}") = "Bandeiras", "Bandeiras\Bandeiras.csproj", "{D3632F08-1BB1-4E57-AC20-5A1EEA0BF57D}"
EndProject
Global
	GlobalSection(SolutionConfigurationPlatforms) = preSolution
		Debug|Any CPU = Debug|Any CPU
		Release|Any CPU = Release|Any CPU
	EndGlobalSection
	GlobalSection(ProjectConfigurationPlatforms) = postSolution
		{D3632F08-1BB1-4E57-AC20-5A1EEA0BF57D}.Debug|Any CPU.ActiveCfg = Debug|Any CPU
		{D3632F08-1BB1-4E57-AC20-5A1EEA0BF57D}.Debug|Any CPU.Build.0 = Debug|Any CPU
		{D3632F08-1BB1-4E57-AC20-5A1EEA0BF57D}.Release|Any CPU.ActiveCfg = Release|Any CPU
		{D3632F08-1BB1-4E57-AC20-5A1EEA0BF57D}.Release|Any CPU.Build.0 = Release|Any CPU
	EndGlobalSection
	GlobalSection(SolutionProperties) = preSolution
		HideSolutionNode = FALSE
	EndGlobalSection
	GlobalSection(ExtensibilityGlobals) = postSolution
		SolutionGuid = {3929E1E7-4DAF-4ABD-88E6-C59294A152F7}
	EndGlobalSection
EndGlobal
